{
  "requires": true,
  "lockfileVersion": 1,
  "dependencies": {
    "chess.js": {
      "version": "0.10.3",
      "resolved": "https://registry.npmjs.org/chess.js/-/chess.js-0.10.3.tgz",
      "integrity": "sha512-i51JgVM0ksFMbLJYKoDpfrcFxJHq/XQQx8NltCdfMyDv7vpU5JVzsZz1EOw7nA27eGA5t8tSxodAN+Wc704BoQ=="
    },
    "toastify-js": {
      "version": "1.7.0",
      "resolved": "https://registry.npmjs.org/toastify-js/-/toastify-js-1.7.0.tgz",
      "integrity": "sha512-GmPy4zJ/ulCfmCHlfCtgcB+K2xhx2AXW3T/ZZOSjyjaIGevhz+uvR8HSCTay/wBq4tt2mUnBqlObP1sSWGlsnQ=="
    }
  }
}
